// !$*UTF8*$!
{
	archiveVersion = 1;
	classes = {
	};
	objectVersion = 50;
	objects = {

/* Begin PBXBuildFile section */
		27E8C37823E48C66007568A4 /* NotifeeApiModule.m in Sources */ = {isa = PBXBuildFile; fileRef = 27E8C37723E48C66007568A4 /* NotifeeApiModule.m */; };
		27E8C37923E48C66007568A4 /* NotifeeApiModule.h in CopyFiles */ = {isa = PBXBuildFile; fileRef = 27E8C37623E48C66007568A4 /* NotifeeApiModule.h */; };
		79A3978325FD5D4B00CBBAAB /* NotifeeExtensionHelper.m in Sources */ = {isa = PBXBuildFile; fileRef = 79A3978225FD5D4B00CBBAAB /* NotifeeExtensionHelper.m */; };
		79AEF7D62701295A00BE87B5 /* NotifeeExtensionHelper.h in CopyFiles */ = {isa = PBXBuildFile; fileRef = 79A3978125FD5D4B00CBBAAB /* NotifeeExtensionHelper.h */; };
/* End PBXBuildFile section */

/* Begin PBXCopyFilesBuildPhase section */
		27E8C37123E48C66007568A4 /* CopyFiles */ = {
			isa = PBXCopyFilesBuildPhase;
			buildActionMask = 2147483647;
			dstPath = "include/$(PRODUCT_NAME)";
			dstSubfolderSpec = 16;
			files = (
				79AEF7D62701295A00BE87B5 /* NotifeeExtensionHelper.h in CopyFiles */,
				27E8C37923E48C66007568A4 /* NotifeeApiModule.h in CopyFiles */,
			);
			runOnlyForDeploymentPostprocessing = 0;
		};
/* End PBXCopyFilesBuildPhase section */

/* Begin PBXFileReference section */
		27E8C37323E48C66007568A4 /* libRNNotifee.a */ = {isa = PBXFileReference; explicitFileType = archive.ar; includeInIndex = 0; path = libRNNotifee.a; sourceTree = BUILT_PRODUCTS_DIR; };
		27E8C37623E48C66007568A4 /* NotifeeApiModule.h */ = {isa = PBXFileReference; lastKnownFileType = sourcecode.c.h; path = NotifeeApiModule.h; sourceTree = "<group>"; };
		27E8C37723E48C66007568A4 /* NotifeeApiModule.m */ = {isa = PBXFileReference; lastKnownFileType = sourcecode.c.objc; path = NotifeeApiModule.m; sourceTree = "<group>"; };
		79A3978125FD5D4B00CBBAAB /* NotifeeExtensionHelper.h */ = {isa = PBXFileReference; fileEncoding = 4; lastKnownFileType = sourcecode.c.h; path = NotifeeExtensionHelper.h; sourceTree = "<group>"; };
		79A3978225FD5D4B00CBBAAB /* NotifeeExtensionHelper.m */ = {isa = PBXFileReference; fileEncoding = 4; lastKnownFileType = sourcecode.c.objc; path = NotifeeExtensionHelper.m; sourceTree = "<group>"; };
/* End PBXFileReference section */

/* Begin PBXFrameworksBuildPhase section */
		27E8C37023E48C66007568A4 /* Frameworks */ = {
			isa = PBXFrameworksBuildPhase;
			buildActionMask = 2147483647;
			files = (
			);
			runOnlyForDeploymentPostprocessing = 0;
		};
/* End PBXFrameworksBuildPhase section */

/* Begin PBXGroup section */
		27E8C36A23E48C66007568A4 = {
			isa = PBXGroup;
			children = (
				27E8C37523E48C66007568A4 /* RNNotifee */,
				27E8C37423E48C66007568A4 /* Products */,
			);
			sourceTree = "<group>";
		};
		27E8C37423E48C66007568A4 /* Products */ = {
			isa = PBXGroup;
			children = (
				27E8C37323E48C66007568A4 /* libRNNotifee.a */,
			);
			name = Products;
			sourceTree = "<group>";
		};
		27E8C37523E48C66007568A4 /* RNNotifee */ = {
			isa = PBXGroup;
			children = (
				79A3978125FD5D4B00CBBAAB /* NotifeeExtensionHelper.h */,
				79A3978225FD5D4B00CBBAAB /* NotifeeExtensionHelper.m */,
				27E8C37623E48C66007568A4 /* NotifeeApiModule.h */,
				27E8C37723E48C66007568A4 /* NotifeeApiModule.m */,
			);
			path = RNNotifee;
			sourceTree = "<group>";
		};
/* End PBXGroup section */

/* Begin PBXNativeTarget section */
		27E8C37223E48C66007568A4 /* RNNotifee */ = {
			isa = PBXNativeTarget;
			buildConfigurationList = 27E8C37C23E48C66007568A4 /* Build configuration list for PBXNativeTarget "RNNotifee" */;
			buildPhases = (
				27E8C36F23E48C66007568A4 /* Sources */,
				27E8C37023E48C66007568A4 /* Frameworks */,
				27E8C37123E48C66007568A4 /* CopyFiles */,
			);
			buildRules = (
			);
			dependencies = (
			);
			name = RNNotifee;
			productName = RNNotifee;
			productReference = 27E8C37323E48C66007568A4 /* libRNNotifee.a */;
			productType = "com.apple.product-type.library.static";
		};
/* End PBXNativeTarget section */

/* Begin PBXProject section */
		27E8C36B23E48C66007568A4 /* Project object */ = {
			isa = PBXProject;
			attributes = {
				LastUpgradeCheck = 1130;
				ORGANIZATIONNAME = Invertase;
				TargetAttributes = {
					27E8C37223E48C66007568A4 = {
						CreatedOnToolsVersion = 11.3;
					};
				};
			};
			buildConfigurationList = 27E8C36E23E48C66007568A4 /* Build configuration list for PBXProject "RNNotifee" */;
			compatibilityVersion = "Xcode 9.3";
			developmentRegion = en;
			hasScannedForEncodings = 0;
			knownRegions = (
				en,
				Base,
			);
			mainGroup = 27E8C36A23E48C66007568A4;
			productRefGroup = 27E8C37423E48C66007568A4 /* Products */;
			projectDirPath = "";
			projectRoot = "";
			targets = (
				27E8C37223E48C66007568A4 /* RNNotifee */,
			);
		};
/* End PBXProject section */

/* Begin PBXSourcesBuildPhase section */
		27E8C36F23E48C66007568A4 /* Sources */ = {
			isa = PBXSourcesBuildPhase;
			buildActionMask = 2147483647;
			files = (
				79A3978325FD5D4B00CBBAAB /* NotifeeExtensionHelper.m in Sources */,
				27E8C37823E48C66007568A4 /* NotifeeApiModule.m in Sources */,
			);
			runOnlyForDeploymentPostprocessing = 0;
		};
/* End PBXSourcesBuildPhase section */

/* Begin XCBuildConfiguration section */
		27E8C37A23E48C66007568A4 /* Debug */ = {
			isa = XCBuildConfiguration;
			buildSettings = {
				ALWAYS_SEARCH_USER_PATHS = NO;
				CLANG_ANALYZER_NONNULL = YES;
				CLANG_ANALYZER_NUMBER_OBJECT_CONVERSION = YES_AGGRESSIVE;
				CLANG_CXX_LANGUAGE_STANDARD = "gnu++14";
				CLANG_CXX_LIBRARY = "libc++";
				CLANG_ENABLE_MODULES = YES;
				CLANG_ENABLE_OBJC_ARC = YES;
				CLANG_ENABLE_OBJC_WEAK = YES;
				CLANG_WARN_BLOCK_CAPTURE_AUTORELEASING = YES;
				CLANG_WARN_BOOL_CONVERSION = YES;
				CLANG_WARN_COMMA = YES;
				CLANG_WARN_CONSTANT_CONVERSION = YES;
				CLANG_WARN_DEPRECATED_OBJC_IMPLEMENTATIONS = YES;
				CLANG_WARN_DIRECT_OBJC_ISA_USAGE = YES_ERROR;
				CLANG_WARN_DOCUMENTATION_COMMENTS = YES;
				CLANG_WARN_EMPTY_BODY = YES;
				CLANG_WARN_ENUM_CONVERSION = YES;
				CLANG_WARN_INFINITE_RECURSION = YES;
				CLANG_WARN_INT_CONVERSION = YES;
				CLANG_WARN_NON_LITERAL_NULL_CONVERSION = YES;
				CLANG_WARN_OBJC_IMPLICIT_RETAIN_SELF = YES;
				CLANG_WARN_OBJC_LITERAL_CONVERSION = YES;
				CLANG_WARN_OBJC_ROOT_CLASS = YES_ERROR;
				CLANG_WARN_RANGE_LOOP_ANALYSIS = YES;
				CLANG_WARN_STRICT_PROTOTYPES = YES;
				CLANG_WARN_SUSPICIOUS_MOVE = YES;
				CLANG_WARN_UNGUARDED_AVAILABILITY = YES_AGGRESSIVE;
				CLANG_WARN_UNREACHABLE_CODE = YES;
				CLANG_WARN__DUPLICATE_METHOD_MATCH = YES;
				COPY_PHASE_STRIP = NO;
				DEBUG_INFORMATION_FORMAT = dwarf;
				ENABLE_STRICT_OBJC_MSGSEND = YES;
				ENABLE_TESTABILITY = YES;
				GCC_C_LANGUAGE_STANDARD = gnu11;
				GCC_DYNAMIC_NO_PIC = NO;
				GCC_NO_COMMON_BLOCKS = YES;
				GCC_OPTIMIZATION_LEVEL = 0;
				GCC_PREPROCESSOR_DEFINITIONS = (
					"DEBUG=1",
					"$(inherited)",
				);
				GCC_WARN_64_TO_32_BIT_CONVERSION = YES;
				GCC_WARN_ABOUT_RETURN_TYPE = YES_ERROR;
				GCC_WARN_UNDECLARED_SELECTOR = YES;
				GCC_WARN_UNINITIALIZED_AUTOS = YES_AGGRESSIVE;
				GCC_WARN_UNUSED_FUNCTION = YES;
				GCC_WARN_UNUSED_VARIABLE = YES;
				HEADER_SEARCH_PATHS = (
					"$(inherited)",
					"$(REACT_SEARCH_PATH)/React/**",
					"$(SRCROOT)/../../react-native/React/**",
					"${SRCROOT}/../../../ios/Firebase/**",
					"${SRCROOT}/../../../ios/Pods/Headers/Public/**",
					"$(SRCROOT)/../../../node_modules/react-native/React/**",
					"${SRCROOT}/../../../tests_react_native/ios/Pods/Headers/Public/**",
				);
				IPHONEOS_DEPLOYMENT_TARGET = 13.2;
				MTL_ENABLE_DEBUG_INFO = INCLUDE_SOURCE;
				MTL_FAST_MATH = YES;
				ONLY_ACTIVE_ARCH = YES;
				SDKROOT = iphoneos;
			};
			name = Debug;
		};
		27E8C37B23E48C66007568A4 /* Release */ = {
			isa = XCBuildConfiguration;
			buildSettings = {
				ALWAYS_SEARCH_USER_PATHS = NO;
				CLANG_ANALYZER_NONNULL = YES;
				CLANG_ANALYZER_NUMBER_OBJECT_CONVERSION = YES_AGGRESSIVE;
				CLANG_CXX_LANGUAGE_STANDARD = "gnu++14";
				CLANG_CXX_LIBRARY = "libc++";
				CLANG_ENABLE_MODULES = YES;
				CLANG_ENABLE_OBJC_ARC = YES;
				CLANG_ENABLE_OBJC_WEAK = YES;
				CLANG_WARN_BLOCK_CAPTURE_AUTORELEASING = YES;
				CLANG_WARN_BOOL_CONVERSION = YES;
				CLANG_WARN_COMMA = YES;
				CLANG_WARN_CONSTANT_CONVERSION = YES;
				CLANG_WARN_DEPRECATED_OBJC_IMPLEMENTATIONS = YES;
				CLANG_WARN_DIRECT_OBJC_ISA_USAGE = YES_ERROR;
				CLANG_WARN_DOCUMENTATION_COMMENTS = YES;
				CLANG_WARN_EMPTY_BODY = YES;
				CLANG_WARN_ENUM_CONVERSION = YES;
				CLANG_WARN_INFINITE_RECURSION = YES;
				CLANG_WARN_INT_CONVERSION = YES;
				CLANG_WARN_NON_LITERAL_NULL_CONVERSION = YES;
				CLANG_WARN_OBJC_IMPLICIT_RETAIN_SELF = YES;
				CLANG_WARN_OBJC_LITERAL_CONVERSION = YES;
				CLANG_WARN_OBJC_ROOT_CLASS = YES_ERROR;
				CLANG_WARN_RANGE_LOOP_ANALYSIS = YES;
				CLANG_WARN_STRICT_PROTOTYPES = YES;
				CLANG_WARN_SUSPICIOUS_MOVE = YES;
				CLANG_WARN_UNGUARDED_AVAILABILITY = YES_AGGRESSIVE;
				CLANG_WARN_UNREACHABLE_CODE = YES;
				CLANG_WARN__DUPLICATE_METHOD_MATCH = YES;
				COPY_PHASE_STRIP = NO;
				DEBUG_INFORMATION_FORMAT = "dwarf-with-dsym";
				ENABLE_NS_ASSERTIONS = NO;
				ENABLE_STRICT_OBJC_MSGSEND = YES;
				GCC_C_LANGUAGE_STANDARD = gnu11;
				GCC_NO_COMMON_BLOCKS = YES;
				GCC_WARN_64_TO_32_BIT_CONVERSION = YES;
				GCC_WARN_ABOUT_RETURN_TYPE = YES_ERROR;
				GCC_WARN_UNDECLARED_SELECTOR = YES;
				GCC_WARN_UNINITIALIZED_AUTOS = YES_AGGRESSIVE;
				GCC_WARN_UNUSED_FUNCTION = YES;
				GCC_WARN_UNUSED_VARIABLE = YES;
				HEADER_SEARCH_PATHS = (
					"$(SRCROOT)/../../react-native/React/**/**",
					"$(REACT_SEARCH_PATH)/React/**/**",
				);
				IPHONEOS_DEPLOYMENT_TARGET = 13.2;
				MTL_ENABLE_DEBUG_INFO = NO;
				MTL_FAST_MATH = YES;
				SDKROOT = iphoneos;
				VALIDATE_PRODUCT = YES;
			};
			name = Release;
		};
		27E8C37D23E48C66007568A4 /* Debug */ = {
			isa = XCBuildConfiguration;
			buildSettings = {
				CODE_SIGN_STYLE = Automatic;
				FRAMEWORK_SEARCH_PATHS = (
					"$(inherited)",
					"$(PROJECT_DIR)",
				);
				OTHER_LDFLAGS = "-ObjC";
				PRODUCT_NAME = "$(TARGET_NAME)";
				SKIP_INSTALL = YES;
				TARGETED_DEVICE_FAMILY = "1,2";
			};
			name = Debug;
		};
		27E8C37E23E48C66007568A4 /* Release */ = {
			isa = XCBuildConfiguration;
			buildSettings = {
				CODE_SIGN_STYLE = Automatic;
				FRAMEWORK_SEARCH_PATHS = (
					"$(inherited)",
					"$(PROJECT_DIR)",
				);
				OTHER_LDFLAGS = "-ObjC";
				PRODUCT_NAME = "$(TARGET_NAME)";
				SKIP_INSTALL = YES;
				TARGETED_DEVICE_FAMILY = "1,2";
			};
			name = Release;
		};
/* End XCBuildConfiguration section */

/* Begin XCConfigurationList section */
		27E8C36E23E48C66007568A4 /* Build configuration list for PBXProject "RNNotifee" */ = {
			isa = XCConfigurationList;
			buildConfigurations = (
				27E8C37A23E48C66007568A4 /* Debug */,
				27E8C37B23E48C66007568A4 /* Release */,
			);
			defaultConfigurationIsVisible = 0;
			defaultConfigurationName = Release;
		};
		27E8C37C23E48C66007568A4 /* Build configuration list for PBXNativeTarget "RNNotifee" */ = {
			isa = XCConfigurationList;
			buildConfigurations = (
				27E8C37D23E48C66007568A4 /* Debug */,
				27E8C37E23E48C66007568A4 /* Release */,
			);
			defaultConfigurationIsVisible = 0;
			defaultConfigurationName = Release;
		};
/* End XCConfigurationList section */
	};
	rootObject = 27E8C36B23E48C66007568A4 /* Project object */;
}
