PODS:
  - Flutter (1.0.0)
  - notifee (0.0.1):
    - Flutter
    - NotifeeCore
  - NotifeeCore (1.0.0)

DEPENDENCIES:
  - Flutter (from `Flutter`)
  - notifee (from `.symlinks/plugins/notifee/ios`)
  - NotifeeCore (from `../../../../../../ios`)

EXTERNAL SOURCES:
  Flutter:
    :path: Flutter
  notifee:
    :path: ".symlinks/plugins/notifee/ios"
  NotifeeCore:
    :path: "../../../../../../ios"

SPEC CHECKSUMS:
  Flutter: f04841e97a9d0b0a8025694d0796dd46242b2854
  notifee: ca95bd3c1af0b672e48ab176761dd52b27bb2fdc
  NotifeeCore: 7163fe1ba23401a81430438a037a40a00221b80e

PODFILE CHECKSUM: 9112d1b068062660bc8c257b7f3b8834e99e6ada

COCOAPODS: 1.11.3
