PODS:
  - boost (1.76.0)
  - CavyNativeReporter (0.1.3):
    - React-Core
  - DoubleConversion (1.1.6)
  - FBLazyVector (0.69.12)
  - FBReactNativeSpec (0.69.12):
    - RCT-Folly (= 2021.06.28.00-v2)
    - RCTRequired (= 0.69.12)
    - RCTTypeSafety (= 0.69.12)
    - React-Core (= 0.69.12)
    - React-jsi (= 0.69.12)
    - ReactCommon/turbomodule/core (= 0.69.12)
  - Firebase/CoreOnly (8.15.0):
    - FirebaseCore (= 8.15.0)
  - Firebase/Messaging (8.15.0):
    - Firebase/CoreOnly
    - FirebaseMessaging (~> 8.15.0)
  - FirebaseCore (8.15.0):
    - FirebaseCoreDiagnostics (~> 8.0)
    - GoogleUtilities/Environment (~> 7.7)
    - GoogleUtilities/Logger (~> 7.7)
  - FirebaseCoreDiagnostics (8.15.0):
    - GoogleDataTransport (~> 9.1)
    - GoogleUtilities/Environment (~> 7.7)
    - GoogleUtilities/Logger (~> 7.7)
    - nanopb (~> 2.30908.0)
  - FirebaseInstallations (8.15.0):
    - FirebaseCore (~> 8.0)
    - GoogleUtilities/Environment (~> 7.7)
    - GoogleUtilities/UserDefaults (~> 7.7)
    - PromisesObjC (< 3.0, >= 1.2)
  - FirebaseMessaging (8.15.0):
    - FirebaseCore (~> 8.0)
    - FirebaseInstallations (~> 8.0)
    - GoogleDataTransport (~> 9.1)
    - GoogleUtilities/AppDelegateSwizzler (~> 7.7)
    - GoogleUtilities/Environment (~> 7.7)
    - GoogleUtilities/Reachability (~> 7.7)
    - GoogleUtilities/UserDefaults (~> 7.7)
    - nanopb (~> 2.30908.0)
  - fmt (6.2.1)
  - glog (0.3.5)
  - GoogleDataTransport (9.2.0):
    - GoogleUtilities/Environment (~> 7.7)
    - nanopb (< 2.30910.0, >= 2.30908.0)
    - PromisesObjC (< 3.0, >= 1.2)
  - GoogleUtilities/AppDelegateSwizzler (7.8.0):
    - GoogleUtilities/Environment
    - GoogleUtilities/Logger
    - GoogleUtilities/Network
  - GoogleUtilities/Environment (7.8.0):
    - PromisesObjC (< 3.0, >= 1.2)
  - GoogleUtilities/Logger (7.8.0):
    - GoogleUtilities/Environment
  - GoogleUtilities/Network (7.8.0):
    - GoogleUtilities/Logger
    - "GoogleUtilities/NSData+zlib"
    - GoogleUtilities/Reachability
  - "GoogleUtilities/NSData+zlib (7.8.0)"
  - GoogleUtilities/Reachability (7.8.0):
    - GoogleUtilities/Logger
  - GoogleUtilities/UserDefaults (7.8.0):
    - GoogleUtilities/Logger
  - nanopb (2.30908.0):
    - nanopb/decode (= 2.30908.0)
    - nanopb/encode (= 2.30908.0)
  - nanopb/decode (2.30908.0)
  - nanopb/encode (2.30908.0)
  - NotifeeCore (1.0.0)
  - PromisesObjC (2.1.1)
  - RCT-Folly (2021.06.28.00-v2):
    - boost
    - DoubleConversion
    - fmt (~> 6.2.1)
    - glog
    - RCT-Folly/Default (= 2021.06.28.00-v2)
  - RCT-Folly/Default (2021.06.28.00-v2):
    - boost
    - DoubleConversion
    - fmt (~> 6.2.1)
    - glog
  - RCTRequired (0.69.12)
  - RCTTypeSafety (0.69.12):
    - FBLazyVector (= 0.69.12)
    - RCTRequired (= 0.69.12)
    - React-Core (= 0.69.12)
  - React (0.69.12):
    - React-Core (= 0.69.12)
    - React-Core/DevSupport (= 0.69.12)
    - React-Core/RCTWebSocket (= 0.69.12)
    - React-RCTActionSheet (= 0.69.12)
    - React-RCTAnimation (= 0.69.12)
    - React-RCTBlob (= 0.69.12)
    - React-RCTImage (= 0.69.12)
    - React-RCTLinking (= 0.69.12)
    - React-RCTNetwork (= 0.69.12)
    - React-RCTSettings (= 0.69.12)
    - React-RCTText (= 0.69.12)
    - React-RCTVibration (= 0.69.12)
  - React-bridging (0.69.12):
    - RCT-Folly (= 2021.06.28.00-v2)
    - React-jsi (= 0.69.12)
  - React-callinvoker (0.69.12)
  - React-Codegen (0.69.12):
    - FBReactNativeSpec (= 0.69.12)
    - RCT-Folly (= 2021.06.28.00-v2)
    - RCTRequired (= 0.69.12)
    - RCTTypeSafety (= 0.69.12)
    - React-Core (= 0.69.12)
    - React-jsi (= 0.69.12)
    - React-jsiexecutor (= 0.69.12)
    - ReactCommon/turbomodule/core (= 0.69.12)
  - React-Core (0.69.12):
    - glog
    - RCT-Folly (= 2021.06.28.00-v2)
    - React-Core/Default (= 0.69.12)
    - React-cxxreact (= 0.69.12)
    - React-jsi (= 0.69.12)
    - React-jsiexecutor (= 0.69.12)
    - React-perflogger (= 0.69.12)
    - Yoga
  - React-Core/CoreModulesHeaders (0.69.12):
    - glog
    - RCT-Folly (= 2021.06.28.00-v2)
    - React-Core/Default
    - React-cxxreact (= 0.69.12)
    - React-jsi (= 0.69.12)
    - React-jsiexecutor (= 0.69.12)
    - React-perflogger (= 0.69.12)
    - Yoga
  - React-Core/Default (0.69.12):
    - glog
    - RCT-Folly (= 2021.06.28.00-v2)
    - React-cxxreact (= 0.69.12)
    - React-jsi (= 0.69.12)
    - React-jsiexecutor (= 0.69.12)
    - React-perflogger (= 0.69.12)
    - Yoga
  - React-Core/DevSupport (0.69.12):
    - glog
    - RCT-Folly (= 2021.06.28.00-v2)
    - React-Core/Default (= 0.69.12)
    - React-Core/RCTWebSocket (= 0.69.12)
    - React-cxxreact (= 0.69.12)
    - React-jsi (= 0.69.12)
    - React-jsiexecutor (= 0.69.12)
    - React-jsinspector (= 0.69.12)
    - React-perflogger (= 0.69.12)
    - Yoga
  - React-Core/RCTActionSheetHeaders (0.69.12):
    - glog
    - RCT-Folly (= 2021.06.28.00-v2)
    - React-Core/Default
    - React-cxxreact (= 0.69.12)
    - React-jsi (= 0.69.12)
    - React-jsiexecutor (= 0.69.12)
    - React-perflogger (= 0.69.12)
    - Yoga
  - React-Core/RCTAnimationHeaders (0.69.12):
    - glog
    - RCT-Folly (= 2021.06.28.00-v2)
    - React-Core/Default
    - React-cxxreact (= 0.69.12)
    - React-jsi (= 0.69.12)
    - React-jsiexecutor (= 0.69.12)
    - React-perflogger (= 0.69.12)
    - Yoga
  - React-Core/RCTBlobHeaders (0.69.12):
    - glog
    - RCT-Folly (= 2021.06.28.00-v2)
    - React-Core/Default
    - React-cxxreact (= 0.69.12)
    - React-jsi (= 0.69.12)
    - React-jsiexecutor (= 0.69.12)
    - React-perflogger (= 0.69.12)
    - Yoga
  - React-Core/RCTImageHeaders (0.69.12):
    - glog
    - RCT-Folly (= 2021.06.28.00-v2)
    - React-Core/Default
    - React-cxxreact (= 0.69.12)
    - React-jsi (= 0.69.12)
    - React-jsiexecutor (= 0.69.12)
    - React-perflogger (= 0.69.12)
    - Yoga
  - React-Core/RCTLinkingHeaders (0.69.12):
    - glog
    - RCT-Folly (= 2021.06.28.00-v2)
    - React-Core/Default
    - React-cxxreact (= 0.69.12)
    - React-jsi (= 0.69.12)
    - React-jsiexecutor (= 0.69.12)
    - React-perflogger (= 0.69.12)
    - Yoga
  - React-Core/RCTNetworkHeaders (0.69.12):
    - glog
    - RCT-Folly (= 2021.06.28.00-v2)
    - React-Core/Default
    - React-cxxreact (= 0.69.12)
    - React-jsi (= 0.69.12)
    - React-jsiexecutor (= 0.69.12)
    - React-perflogger (= 0.69.12)
    - Yoga
  - React-Core/RCTSettingsHeaders (0.69.12):
    - glog
    - RCT-Folly (= 2021.06.28.00-v2)
    - React-Core/Default
    - React-cxxreact (= 0.69.12)
    - React-jsi (= 0.69.12)
    - React-jsiexecutor (= 0.69.12)
    - React-perflogger (= 0.69.12)
    - Yoga
  - React-Core/RCTTextHeaders (0.69.12):
    - glog
    - RCT-Folly (= 2021.06.28.00-v2)
    - React-Core/Default
    - React-cxxreact (= 0.69.12)
    - React-jsi (= 0.69.12)
    - React-jsiexecutor (= 0.69.12)
    - React-perflogger (= 0.69.12)
    - Yoga
  - React-Core/RCTVibrationHeaders (0.69.12):
    - glog
    - RCT-Folly (= 2021.06.28.00-v2)
    - React-Core/Default
    - React-cxxreact (= 0.69.12)
    - React-jsi (= 0.69.12)
    - React-jsiexecutor (= 0.69.12)
    - React-perflogger (= 0.69.12)
    - Yoga
  - React-Core/RCTWebSocket (0.69.12):
    - glog
    - RCT-Folly (= 2021.06.28.00-v2)
    - React-Core/Default (= 0.69.12)
    - React-cxxreact (= 0.69.12)
    - React-jsi (= 0.69.12)
    - React-jsiexecutor (= 0.69.12)
    - React-perflogger (= 0.69.12)
    - Yoga
  - React-CoreModules (0.69.12):
    - RCT-Folly (= 2021.06.28.00-v2)
    - RCTTypeSafety (= 0.69.12)
    - React-Codegen (= 0.69.12)
    - React-Core/CoreModulesHeaders (= 0.69.12)
    - React-jsi (= 0.69.12)
    - React-RCTImage (= 0.69.12)
    - ReactCommon/turbomodule/core (= 0.69.12)
  - React-cxxreact (0.69.12):
    - boost (= 1.76.0)
    - DoubleConversion
    - glog
    - RCT-Folly (= 2021.06.28.00-v2)
    - React-callinvoker (= 0.69.12)
    - React-jsi (= 0.69.12)
    - React-jsinspector (= 0.69.12)
    - React-logger (= 0.69.12)
    - React-perflogger (= 0.69.12)
    - React-runtimeexecutor (= 0.69.12)
  - React-jsi (0.69.12):
    - boost (= 1.76.0)
    - DoubleConversion
    - glog
    - RCT-Folly (= 2021.06.28.00-v2)
    - React-jsi/Default (= 0.69.12)
  - React-jsi/Default (0.69.12):
    - boost (= 1.76.0)
    - DoubleConversion
    - glog
    - RCT-Folly (= 2021.06.28.00-v2)
  - React-jsiexecutor (0.69.12):
    - DoubleConversion
    - glog
    - RCT-Folly (= 2021.06.28.00-v2)
    - React-cxxreact (= 0.69.12)
    - React-jsi (= 0.69.12)
    - React-perflogger (= 0.69.12)
  - React-jsinspector (0.69.12)
  - React-logger (0.69.12):
    - glog
  - React-perflogger (0.69.12)
  - React-RCTActionSheet (0.69.12):
    - React-Core/RCTActionSheetHeaders (= 0.69.12)
  - React-RCTAnimation (0.69.12):
    - RCT-Folly (= 2021.06.28.00-v2)
    - RCTTypeSafety (= 0.69.12)
    - React-Codegen (= 0.69.12)
    - React-Core/RCTAnimationHeaders (= 0.69.12)
    - React-jsi (= 0.69.12)
    - ReactCommon/turbomodule/core (= 0.69.12)
  - React-RCTBlob (0.69.12):
    - RCT-Folly (= 2021.06.28.00-v2)
    - React-Codegen (= 0.69.12)
    - React-Core/RCTBlobHeaders (= 0.69.12)
    - React-Core/RCTWebSocket (= 0.69.12)
    - React-jsi (= 0.69.12)
    - React-RCTNetwork (= 0.69.12)
    - ReactCommon/turbomodule/core (= 0.69.12)
  - React-RCTImage (0.69.12):
    - RCT-Folly (= 2021.06.28.00-v2)
    - RCTTypeSafety (= 0.69.12)
    - React-Codegen (= 0.69.12)
    - React-Core/RCTImageHeaders (= 0.69.12)
    - React-jsi (= 0.69.12)
    - React-RCTNetwork (= 0.69.12)
    - ReactCommon/turbomodule/core (= 0.69.12)
  - React-RCTLinking (0.69.12):
    - React-Codegen (= 0.69.12)
    - React-Core/RCTLinkingHeaders (= 0.69.12)
    - React-jsi (= 0.69.12)
    - ReactCommon/turbomodule/core (= 0.69.12)
  - React-RCTNetwork (0.69.12):
    - RCT-Folly (= 2021.06.28.00-v2)
    - RCTTypeSafety (= 0.69.12)
    - React-Codegen (= 0.69.12)
    - React-Core/RCTNetworkHeaders (= 0.69.12)
    - React-jsi (= 0.69.12)
    - ReactCommon/turbomodule/core (= 0.69.12)
  - React-RCTSettings (0.69.12):
    - RCT-Folly (= 2021.06.28.00-v2)
    - RCTTypeSafety (= 0.69.12)
    - React-Codegen (= 0.69.12)
    - React-Core/RCTSettingsHeaders (= 0.69.12)
    - React-jsi (= 0.69.12)
    - ReactCommon/turbomodule/core (= 0.69.12)
  - React-RCTText (0.69.12):
    - React-Core/RCTTextHeaders (= 0.69.12)
  - React-RCTVibration (0.69.12):
    - RCT-Folly (= 2021.06.28.00-v2)
    - React-Codegen (= 0.69.12)
    - React-Core/RCTVibrationHeaders (= 0.69.12)
    - React-jsi (= 0.69.12)
    - ReactCommon/turbomodule/core (= 0.69.12)
  - React-runtimeexecutor (0.69.12):
    - React-jsi (= 0.69.12)
  - ReactCommon/turbomodule/core (0.69.12):
    - DoubleConversion
    - glog
    - RCT-Folly (= 2021.06.28.00-v2)
    - React-bridging (= 0.69.12)
    - React-callinvoker (= 0.69.12)
    - React-Core (= 0.69.12)
    - React-cxxreact (= 0.69.12)
    - React-jsi (= 0.69.12)
    - React-logger (= 0.69.12)
    - React-perflogger (= 0.69.12)
  - RNFBApp (14.12.0):
    - Firebase/CoreOnly (= 8.15.0)
    - React-Core
  - RNFBMessaging (14.12.0):
    - Firebase/Messaging (= 8.15.0)
    - React-Core
    - RNFBApp
  - RNNotifee (9.1.4):
    - NotifeeCore
    - React-Core
  - RNNotifeeCore (9.1.4):
    - NotifeeCore
  - Yoga (1.14.0)

DEPENDENCIES:
  - boost (from `../node_modules/react-native/third-party-podspecs/boost.podspec`)
  - CavyNativeReporter (from `../node_modules/cavy-native-reporter`)
  - DoubleConversion (from `../node_modules/react-native/third-party-podspecs/DoubleConversion.podspec`)
  - FBLazyVector (from `../node_modules/react-native/Libraries/FBLazyVector`)
  - FBReactNativeSpec (from `../node_modules/react-native/React/FBReactNativeSpec`)
  - glog (from `../node_modules/react-native/third-party-podspecs/glog.podspec`)
  - NotifeeCore (from `../../ios`)
  - RCT-Folly (from `../node_modules/react-native/third-party-podspecs/RCT-Folly.podspec`)
  - RCTRequired (from `../node_modules/react-native/Libraries/RCTRequired`)
  - RCTTypeSafety (from `../node_modules/react-native/Libraries/TypeSafety`)
  - React (from `../node_modules/react-native/`)
  - React-bridging (from `../node_modules/react-native/ReactCommon`)
  - React-callinvoker (from `../node_modules/react-native/ReactCommon/callinvoker`)
  - React-Codegen (from `build/generated/ios`)
  - React-Core (from `../node_modules/react-native/`)
  - React-Core/RCTWebSocket (from `../node_modules/react-native/`)
  - React-CoreModules (from `../node_modules/react-native/React/CoreModules`)
  - React-cxxreact (from `../node_modules/react-native/ReactCommon/cxxreact`)
  - React-jsi (from `../node_modules/react-native/ReactCommon/jsi`)
  - React-jsiexecutor (from `../node_modules/react-native/ReactCommon/jsiexecutor`)
  - React-jsinspector (from `../node_modules/react-native/ReactCommon/jsinspector`)
  - React-logger (from `../node_modules/react-native/ReactCommon/logger`)
  - React-perflogger (from `../node_modules/react-native/ReactCommon/reactperflogger`)
  - React-RCTActionSheet (from `../node_modules/react-native/Libraries/ActionSheetIOS`)
  - React-RCTAnimation (from `../node_modules/react-native/Libraries/NativeAnimation`)
  - React-RCTBlob (from `../node_modules/react-native/Libraries/Blob`)
  - React-RCTImage (from `../node_modules/react-native/Libraries/Image`)
  - React-RCTLinking (from `../node_modules/react-native/Libraries/LinkingIOS`)
  - React-RCTNetwork (from `../node_modules/react-native/Libraries/Network`)
  - React-RCTSettings (from `../node_modules/react-native/Libraries/Settings`)
  - React-RCTText (from `../node_modules/react-native/Libraries/Text`)
  - React-RCTVibration (from `../node_modules/react-native/Libraries/Vibration`)
  - React-runtimeexecutor (from `../node_modules/react-native/ReactCommon/runtimeexecutor`)
  - ReactCommon/turbomodule/core (from `../node_modules/react-native/ReactCommon`)
  - "RNFBApp (from `../node_modules/@react-native-firebase/app`)"
  - "RNFBMessaging (from `../node_modules/@react-native-firebase/messaging`)"
  - RNNotifee (from `../../packages/react-native`)
  - RNNotifeeCore (from `../../packages/react-native`)
  - Yoga (from `../node_modules/react-native/ReactCommon/yoga`)

SPEC REPOS:
  trunk:
    - Firebase
    - FirebaseCore
    - FirebaseCoreDiagnostics
    - FirebaseInstallations
    - FirebaseMessaging
    - fmt
    - GoogleDataTransport
    - GoogleUtilities
    - nanopb
    - PromisesObjC

EXTERNAL SOURCES:
  boost:
    :podspec: "../node_modules/react-native/third-party-podspecs/boost.podspec"
  CavyNativeReporter:
    :path: "../node_modules/cavy-native-reporter"
  DoubleConversion:
    :podspec: "../node_modules/react-native/third-party-podspecs/DoubleConversion.podspec"
  FBLazyVector:
    :path: "../node_modules/react-native/Libraries/FBLazyVector"
  FBReactNativeSpec:
    :path: "../node_modules/react-native/React/FBReactNativeSpec"
  glog:
    :podspec: "../node_modules/react-native/third-party-podspecs/glog.podspec"
  NotifeeCore:
    :path: "../../ios"
  RCT-Folly:
    :podspec: "../node_modules/react-native/third-party-podspecs/RCT-Folly.podspec"
  RCTRequired:
    :path: "../node_modules/react-native/Libraries/RCTRequired"
  RCTTypeSafety:
    :path: "../node_modules/react-native/Libraries/TypeSafety"
  React:
    :path: "../node_modules/react-native/"
  React-bridging:
    :path: "../node_modules/react-native/ReactCommon"
  React-callinvoker:
    :path: "../node_modules/react-native/ReactCommon/callinvoker"
  React-Codegen:
    :path: build/generated/ios
  React-Core:
    :path: "../node_modules/react-native/"
  React-CoreModules:
    :path: "../node_modules/react-native/React/CoreModules"
  React-cxxreact:
    :path: "../node_modules/react-native/ReactCommon/cxxreact"
  React-jsi:
    :path: "../node_modules/react-native/ReactCommon/jsi"
  React-jsiexecutor:
    :path: "../node_modules/react-native/ReactCommon/jsiexecutor"
  React-jsinspector:
    :path: "../node_modules/react-native/ReactCommon/jsinspector"
  React-logger:
    :path: "../node_modules/react-native/ReactCommon/logger"
  React-perflogger:
    :path: "../node_modules/react-native/ReactCommon/reactperflogger"
  React-RCTActionSheet:
    :path: "../node_modules/react-native/Libraries/ActionSheetIOS"
  React-RCTAnimation:
    :path: "../node_modules/react-native/Libraries/NativeAnimation"
  React-RCTBlob:
    :path: "../node_modules/react-native/Libraries/Blob"
  React-RCTImage:
    :path: "../node_modules/react-native/Libraries/Image"
  React-RCTLinking:
    :path: "../node_modules/react-native/Libraries/LinkingIOS"
  React-RCTNetwork:
    :path: "../node_modules/react-native/Libraries/Network"
  React-RCTSettings:
    :path: "../node_modules/react-native/Libraries/Settings"
  React-RCTText:
    :path: "../node_modules/react-native/Libraries/Text"
  React-RCTVibration:
    :path: "../node_modules/react-native/Libraries/Vibration"
  React-runtimeexecutor:
    :path: "../node_modules/react-native/ReactCommon/runtimeexecutor"
  ReactCommon:
    :path: "../node_modules/react-native/ReactCommon"
  RNFBApp:
    :path: "../node_modules/@react-native-firebase/app"
  RNFBMessaging:
    :path: "../node_modules/@react-native-firebase/messaging"
  RNNotifee:
    :path: "../../packages/react-native"
  RNNotifeeCore:
    :path: "../../packages/react-native"
  Yoga:
    :path: "../node_modules/react-native/ReactCommon/yoga"

SPEC CHECKSUMS:
  boost: a7c83b31436843459a1961bfd74b96033dc77234
  CavyNativeReporter: 22479f189ecd26513573801d005244bd47abb188
  DoubleConversion: 5189b271737e1565bdce30deb4a08d647e3f5f54
  FBLazyVector: 6fab494fa11340bd4206edaebed07279a6bafad4
  FBReactNativeSpec: 76d7b03876b0ad0b86bc5c84d23af8e64db8e096
  Firebase: 5f8193dff4b5b7c5d5ef72ae54bb76c08e2b841d
  FirebaseCore: 5743c5785c074a794d35f2fff7ecc254a91e08b1
  FirebaseCoreDiagnostics: 92e07a649aeb66352b319d43bdd2ee3942af84cb
  FirebaseInstallations: 40bd9054049b2eae9a2c38ef1c3dd213df3605cd
  FirebaseMessaging: 5e5118a2383b3531e730d974680954c679ca0a13
  fmt: ff9d55029c625d3757ed641535fd4a75fedc7ce9
  glog: 3d02b25ca00c2d456734d0bcff864cbc62f6ae1a
  GoogleDataTransport: 1c8145da7117bd68bbbed00cf304edb6a24de00f
  GoogleUtilities: 1d20a6ad97ef46f67bbdec158ce00563a671ebb7
  nanopb: a0ba3315591a9ae0a16a309ee504766e90db0c96
  NotifeeCore: 7163fe1ba23401a81430438a037a40a00221b80e
  PromisesObjC: ab77feca74fa2823e7af4249b8326368e61014cb
  RCT-Folly: b9d9fe1fc70114b751c076104e52f3b1b5e5a95a
  RCTRequired: b9e53f0512019150020156fa0dacd6583ab838be
  RCTTypeSafety: 04b72202bef8302802610dee70bb9407a245b64c
  React: 59288a7ca8104eb8002f01378606fe42eeabf4b5
  React-bridging: b042b8c217f04e568409786de5f221793be49c31
  React-callinvoker: c7b83d582112e2d5a049dc46abf4c64d871b5c45
  React-Codegen: 5747238d0446e3ab1deb967e749a2bfde6a5c866
  React-Core: d8e1250039d47112513757038d9d9f9b638565c6
  React-CoreModules: 63cceb0040ec2b43a258113193be91f934b37f1b
  React-cxxreact: 429404aac55d8bffca77328002452fc7fa8b29e8
  React-jsi: a8f60feb519ac00085eb9a39d20eaa65c96b51ea
  React-jsiexecutor: ce0b9aa647bdf94126eb2ee1f235d329eb8c0aec
  React-jsinspector: f275698149311abc8c32ebb97797d6b97c44adde
  React-logger: da69d7f1c9501c78cd60776d52a60d7fa5e4d9c2
  React-perflogger: 5ade0a1627352f1647d283e78331819bb46cceae
  React-RCTActionSheet: 8e94f1e46e09c7035b81fe56c0ed8d78f3ccd340
  React-RCTAnimation: bf2af72f03cf16528db9a830be69fa04b341a1b7
  React-RCTBlob: 4d076b8bb55e631ad1280280ecba674fb1e46d16
  React-RCTImage: 073dcc1689466851fe120c7f8a3cfe3db0196c9f
  React-RCTLinking: 8872818dc894a17bf17cb4b120f76917bf2e9f0a
  React-RCTNetwork: 1e9c873f4a210784a4fb752194cb595502112464
  React-RCTSettings: 1475a717c54f4a9ed627dffffad2470c4b15a419
  React-RCTText: ed34088172126f84130eea859d62fedca0dd7975
  React-RCTVibration: c9cd9f21bbcb3b9c6deedbb66f13e373f57dd795
  React-runtimeexecutor: ea78653fbc68bd6f2d3f5e7e311bc5a9dc8bfeca
  ReactCommon: f4bb9e5209ea5c3c6ab25e100895119e58d6e50a
  RNFBApp: e4439717c23252458da2b41b81b4b475c86f90c4
  RNFBMessaging: 40dac204b4197a2661dec5be964780c6ec39bf65
  RNNotifee: 380ec94117db632d0bff7f07532888a99156a7e4
  RNNotifeeCore: 69fb9e099ad95b4af3e6d20d78928485f58e2ed9
  Yoga: 8a90b50af67eaa9fe94fd03e550bfeab06096873

PODFILE CHECKSUM: 0a7cc0c2dfdaa228004324b420c9bdc099bdf0b4

COCOAPODS: 1.16.2
